{
  "name": "threads",
  "lockfileVersion": 3,
  "requires": true,
  "packages": {
    "": {
      "dependencies": {
        "worker-threads": "^1.0.0"
      }
    },
    "node_modules/worker-threads": {
      "version": "1.0.0",
      "resolved": "https://registry.npmjs.org/worker-threads/-/worker-threads-1.0.0.tgz",
      "integrity": "sha512-vK6Hhvph8oLxocEJIlc3YfGAZhm210uGzjZsXSu+JYLAQ/s/w4Tqgl60JrdH58hW8NSGP4m3bp8a92qPXgX05w=="
    }
  }
}
